
Microsoft Visual Studio Solution File, Format Version 12.00
# Visual Studio Version 17
VisualStudioVersion = 17.5.33516.290
MinimumVisualStudioVersion = 10.0.40219.1
Project("{9A19103F-16F7-4668-BE54-9A1E7A4F7556}") = "CodeWars.ArrafDiff", "CodeWars.ArrafDiff\CodeWars.ArrafDiff.csproj", "{E933E51E-BCD9-4982-B3CA-D0B7D7E5935E}"
EndProject
Project("{9A19103F-16F7-4668-BE54-9A1E7A4F7556}") = "CodeWars.ArraysContainsCommonItem", "CodeWars.ArraysContainsCommonItem\CodeWars.ArraysContainsCommonItem.csproj", "{826A8154-80BD-4189-A34C-2E30C27E2E72}"
EndProject
Project("{9A19103F-16F7-4668-BE54-9A1E7A4F7556}") = "CodeWars.DescendingInteger", "CodeWars.DescendingInteger\CodeWars.DescendingInteger.csproj", "{3E928EFC-D4B7-4171-80C2-87BFFB721F57}"
EndProject
Project("{9A19103F-16F7-4668-BE54-9A1E7A4F7556}") = "CodeWars.FindTheOddInt", "CodeWars.FindTheOddInt\CodeWars.FindTheOddInt.csproj", "{1E1BF05E-362D-4A3F-9786-C99148C49A08}"
EndProject
Project("{9A19103F-16F7-4668-BE54-9A1E7A4F7556}") = "CodeWars.IQTest", "CodeWars.IQTest\CodeWars.IQTest.csproj", "{53C25EBE-498F-4509-AE02-CE2671B76B2B}"
EndProject
Project("{9A19103F-16F7-4668-BE54-9A1E7A4F7556}") = "CodeWars.ValidBraces", "CodeWars.ValidBraces\CodeWars.ValidBraces.csproj", "{C8FC10A4-5335-48A2-89A3-B636C4D0C91C}"
EndProject
Project("{9A19103F-16F7-4668-BE54-9A1E7A4F7556}") = "CodeWars.WhichAreIn", "CodeWars.WhichAreIn\CodeWars.WhichAreIn.csproj", "{BD6A64F3-659B-4F69-8D62-01BE8D9C3620}"
EndProject
Project("{9A19103F-16F7-4668-BE54-9A1E7A4F7556}") = "CodeWars.SumOfTwoLowestIntegers", "CodeWars.SumOfTwoLowestIntegers\CodeWars.SumOfTwoLowestIntegers.csproj", "{704E91DF-CA8C-4622-9428-C9939BF56199}"
EndProject
Project("{9A19103F-16F7-4668-BE54-9A1E7A4F7556}") = "CodeWars.OnesAndZeros", "CodeWars.OnesAndZeros\CodeWars.OnesAndZeros.csproj", "{EF7178D9-2252-48B8-9594-CDD1EF892286}"
EndProject
Project("{9A19103F-16F7-4668-BE54-9A1E7A4F7556}") = "CodeWars.FindMissingLetter", "CodeWars.FindMissingLetter\CodeWars.FindMissingLetter.csproj", "{8DD90062-7EE9-476A-AD9B-16C4ABEBB803}"
EndProject
Project("{9A19103F-16F7-4668-BE54-9A1E7A4F7556}") = "CodeWars.PowerOfTwo", "CodeWars.PowerOfTwo\CodeWars.PowerOfTwo.csproj", "{023FAC79-81B2-4257-8C9B-6AE6F0911900}"
EndProject
Project("{9A19103F-16F7-4668-BE54-9A1E7A4F7556}") = "CodeWars.SortArrayStringLength", "CodeWars.SortArrayStringLength\CodeWars.SortArrayStringLength.csproj", "{9315C5BF-985A-41E3-B994-87BFE00E1B6F}"
EndProject
Project("{9A19103F-16F7-4668-BE54-9A1E7A4F7556}") = "CodeWars.JustCountSheep", "CodeWars.JustCountSheep\CodeWars.JustCountSheep.csproj", "{8B53AA44-C271-4FA6-A6B1-4E9FA728999B}"
EndProject
Project("{9A19103F-16F7-4668-BE54-9A1E7A4F7556}") = "CodeWars.RemoveFirstAndLastCharacter", "CodeWars.RemoveFirstAndLastCharacter\CodeWars.RemoveFirstAndLastCharacter.csproj", "{4B353DD5-D04E-40BD-8761-3E7114AB5A7B}"
EndProject
Project("{9A19103F-16F7-4668-BE54-9A1E7A4F7556}") = "CodeWars.DigPow", "CodeWars.DigPow\CodeWars.DigPow.csproj", "{1D881094-20E4-40EA-8CEE-5FBE083E3C04}"
EndProject
Project("{9A19103F-16F7-4668-BE54-9A1E7A4F7556}") = "CodeWars.GetGoalsMessi", "CodeWars.GetGoalsMessi\CodeWars.GetGoalsMessi.csproj", "{9DC61787-EC53-4DF4-AC78-175C789B3908}"
EndProject
Project("{9A19103F-16F7-4668-BE54-9A1E7A4F7556}") = "CodeWars.KataExampleTwist", "CodeWars.KataExampleTwist\CodeWars.KataExampleTwist.csproj", "{E352B924-FB6E-4910-92EA-79B1EF8AB2D9}"
EndProject
Project("{9A19103F-16F7-4668-BE54-9A1E7A4F7556}") = "CodeWars.ShortTheOdd", "CodeWars.ShortTheOdd\CodeWars.ShortTheOdd.csproj", "{48C78B94-D0EC-4EAF-8807-902F0855025B}"
EndProject
Project("{9A19103F-16F7-4668-BE54-9A1E7A4F7556}") = "CodeWars.DeleteOccurrencesElement", "CodeWars.DeleteOccurrencesElement\CodeWars.DeleteOccurrencesElement.csproj", "{0392750E-C71A-4C25-A277-88F9A48ACAE8}"
EndProject
Project("{9A19103F-16F7-4668-BE54-9A1E7A4F7556}") = "CodeWars.ContainsDublicate", "CodeWars.ContainsDublicate\CodeWars.ContainsDublicate.csproj", "{A9638EF9-2981-4240-AA18-0049E8476435}"
EndProject
Project("{9A19103F-16F7-4668-BE54-9A1E7A4F7556}") = "CodeWars.MovingZerosToTheEnd", "CodeWars.MovingZerosToTheEnd\CodeWars.MovingZerosToTheEnd.csproj", "{8279055C-2444-43C2-8D6A-D77F7AE5F002}"
EndProject
Project("{9A19103F-16F7-4668-BE54-9A1E7A4F7556}") = "CodeWars.GoodVsEvil", "CodeWars.GoodVsEvil\CodeWars.GoodVsEvil.csproj", "{DC995DB4-5339-49F0-AC7A-86FFE6ADC3A3}"
EndProject
Project("{9A19103F-16F7-4668-BE54-9A1E7A4F7556}") = "CodeWars.Soundex", "CodeWars.Soundex\CodeWars.Soundex.csproj", "{7ACFE459-0F99-41B4-BF67-F90D44F27CA0}"
EndProject
Project("{9A19103F-16F7-4668-BE54-9A1E7A4F7556}") = "CodeWars.SecondBigNumber", "CodeWars.SecondBigNumber\CodeWars.SecondBigNumber.csproj", "{BFA6B44F-5740-4F24-B4EE-C746E0F18AF4}"
EndProject
Project("{9A19103F-16F7-4668-BE54-9A1E7A4F7556}") = "CodeWars.ProductOfLargestPair", "CodeWars.ProductOfLargestPair\CodeWars.ProductOfLargestPair.csproj", "{D25344FD-9096-40D4-9FDF-DA3B2FAA6D0B}"
EndProject
Project("{9A19103F-16F7-4668-BE54-9A1E7A4F7556}") = "CodeWars.Pillars", "CodeWars.Pillars\CodeWars.Pillars.csproj", "{7AF34F30-2070-4563-AEB4-DA5E54402914}"
EndProject
Project("{9A19103F-16F7-4668-BE54-9A1E7A4F7556}") = "CodeWars.MultiplicationTable", "CodeWars.MultiplicationTable\CodeWars.MultiplicationTable.csproj", "{149A4316-6D58-4B91-9FF9-29CA7EB62D65}"
EndProject
Project("{9A19103F-16F7-4668-BE54-9A1E7A4F7556}") = "CodeWars.AlphabetSymmetry", "CodeWars.AlphabetSymmetry\CodeWars.AlphabetSymmetry.csproj", "{8E82B82D-DC41-48DC-8A35-AFA50A1AE3EA}"
EndProject
Project("{9A19103F-16F7-4668-BE54-9A1E7A4F7556}") = "CodeWars.RemoveDublicate", "CodeWars.RemoveDublicate\CodeWars.RemoveDublicate.csproj", "{4E3C710F-5B09-427D-B412-3CA69A0E71D4}"
EndProject
Project("{9A19103F-16F7-4668-BE54-9A1E7A4F7556}") = "CodeWars.LatinSquares", "CodeWars.LatinSquares\CodeWars.LatinSquares.csproj", "{683FE4C8-8135-4E51-B938-6CC056DBA273}"
EndProject
Project("{9A19103F-16F7-4668-BE54-9A1E7A4F7556}") = "CodeWars.ArrayDominates", "CodeWars.ArrayDominates\CodeWars.ArrayDominates.csproj", "{1C05BE66-2C1A-4A25-82BE-80A7FE2E4B5E}"
EndProject
Project("{9A19103F-16F7-4668-BE54-9A1E7A4F7556}") = "CodeWars.LeapYears", "CodeWars.LeapYears\CodeWars.LeapYears.csproj", "{C1D8E2C7-C423-48AD-BB3F-5803F1472273}"
EndProject
Project("{FAE04EC0-301F-11D3-BF4B-00C04F79EFBC}") = "CodeWars.LazyRepeater", "CodeWars.LazyRepeater\CodeWars.LazyRepeater.csproj", "{3624F0A9-0F23-4E5F-8851-060E31ABA2A7}"
EndProject
Global
	GlobalSection(SolutionConfigurationPlatforms) = preSolution
		Debug|Any CPU = Debug|Any CPU
		Release|Any CPU = Release|Any CPU
	EndGlobalSection
	GlobalSection(ProjectConfigurationPlatforms) = postSolution
		{E933E51E-BCD9-4982-B3CA-D0B7D7E5935E}.Debug|Any CPU.ActiveCfg = Debug|Any CPU
		{E933E51E-BCD9-4982-B3CA-D0B7D7E5935E}.Debug|Any CPU.Build.0 = Debug|Any CPU
		{E933E51E-BCD9-4982-B3CA-D0B7D7E5935E}.Release|Any CPU.ActiveCfg = Release|Any CPU
		{E933E51E-BCD9-4982-B3CA-D0B7D7E5935E}.Release|Any CPU.Build.0 = Release|Any CPU
		{826A8154-80BD-4189-A34C-2E30C27E2E72}.Debug|Any CPU.ActiveCfg = Debug|Any CPU
		{826A8154-80BD-4189-A34C-2E30C27E2E72}.Debug|Any CPU.Build.0 = Debug|Any CPU
		{826A8154-80BD-4189-A34C-2E30C27E2E72}.Release|Any CPU.ActiveCfg = Release|Any CPU
		{826A8154-80BD-4189-A34C-2E30C27E2E72}.Release|Any CPU.Build.0 = Release|Any CPU
		{3E928EFC-D4B7-4171-80C2-87BFFB721F57}.Debug|Any CPU.ActiveCfg = Debug|Any CPU
		{3E928EFC-D4B7-4171-80C2-87BFFB721F57}.Debug|Any CPU.Build.0 = Debug|Any CPU
		{3E928EFC-D4B7-4171-80C2-87BFFB721F57}.Release|Any CPU.ActiveCfg = Release|Any CPU
		{3E928EFC-D4B7-4171-80C2-87BFFB721F57}.Release|Any CPU.Build.0 = Release|Any CPU
		{1E1BF05E-362D-4A3F-9786-C99148C49A08}.Debug|Any CPU.ActiveCfg = Debug|Any CPU
		{1E1BF05E-362D-4A3F-9786-C99148C49A08}.Debug|Any CPU.Build.0 = Debug|Any CPU
		{1E1BF05E-362D-4A3F-9786-C99148C49A08}.Release|Any CPU.ActiveCfg = Release|Any CPU
		{1E1BF05E-362D-4A3F-9786-C99148C49A08}.Release|Any CPU.Build.0 = Release|Any CPU
		{53C25EBE-498F-4509-AE02-CE2671B76B2B}.Debug|Any CPU.ActiveCfg = Debug|Any CPU
		{53C25EBE-498F-4509-AE02-CE2671B76B2B}.Debug|Any CPU.Build.0 = Debug|Any CPU
		{53C25EBE-498F-4509-AE02-CE2671B76B2B}.Release|Any CPU.ActiveCfg = Release|Any CPU
		{53C25EBE-498F-4509-AE02-CE2671B76B2B}.Release|Any CPU.Build.0 = Release|Any CPU
		{C8FC10A4-5335-48A2-89A3-B636C4D0C91C}.Debug|Any CPU.ActiveCfg = Debug|Any CPU
		{C8FC10A4-5335-48A2-89A3-B636C4D0C91C}.Debug|Any CPU.Build.0 = Debug|Any CPU
		{C8FC10A4-5335-48A2-89A3-B636C4D0C91C}.Release|Any CPU.ActiveCfg = Release|Any CPU
		{C8FC10A4-5335-48A2-89A3-B636C4D0C91C}.Release|Any CPU.Build.0 = Release|Any CPU
		{BD6A64F3-659B-4F69-8D62-01BE8D9C3620}.Debug|Any CPU.ActiveCfg = Debug|Any CPU
		{BD6A64F3-659B-4F69-8D62-01BE8D9C3620}.Debug|Any CPU.Build.0 = Debug|Any CPU
		{BD6A64F3-659B-4F69-8D62-01BE8D9C3620}.Release|Any CPU.ActiveCfg = Release|Any CPU
		{BD6A64F3-659B-4F69-8D62-01BE8D9C3620}.Release|Any CPU.Build.0 = Release|Any CPU
		{704E91DF-CA8C-4622-9428-C9939BF56199}.Debug|Any CPU.ActiveCfg = Debug|Any CPU
		{704E91DF-CA8C-4622-9428-C9939BF56199}.Debug|Any CPU.Build.0 = Debug|Any CPU
		{704E91DF-CA8C-4622-9428-C9939BF56199}.Release|Any CPU.ActiveCfg = Release|Any CPU
		{704E91DF-CA8C-4622-9428-C9939BF56199}.Release|Any CPU.Build.0 = Release|Any CPU
		{EF7178D9-2252-48B8-9594-CDD1EF892286}.Debug|Any CPU.ActiveCfg = Debug|Any CPU
		{EF7178D9-2252-48B8-9594-CDD1EF892286}.Debug|Any CPU.Build.0 = Debug|Any CPU
		{EF7178D9-2252-48B8-9594-CDD1EF892286}.Release|Any CPU.ActiveCfg = Release|Any CPU
		{EF7178D9-2252-48B8-9594-CDD1EF892286}.Release|Any CPU.Build.0 = Release|Any CPU
		{8DD90062-7EE9-476A-AD9B-16C4ABEBB803}.Debug|Any CPU.ActiveCfg = Debug|Any CPU
		{8DD90062-7EE9-476A-AD9B-16C4ABEBB803}.Debug|Any CPU.Build.0 = Debug|Any CPU
		{8DD90062-7EE9-476A-AD9B-16C4ABEBB803}.Release|Any CPU.ActiveCfg = Release|Any CPU
		{8DD90062-7EE9-476A-AD9B-16C4ABEBB803}.Release|Any CPU.Build.0 = Release|Any CPU
		{023FAC79-81B2-4257-8C9B-6AE6F0911900}.Debug|Any CPU.ActiveCfg = Debug|Any CPU
		{023FAC79-81B2-4257-8C9B-6AE6F0911900}.Debug|Any CPU.Build.0 = Debug|Any CPU
		{023FAC79-81B2-4257-8C9B-6AE6F0911900}.Release|Any CPU.ActiveCfg = Release|Any CPU
		{023FAC79-81B2-4257-8C9B-6AE6F0911900}.Release|Any CPU.Build.0 = Release|Any CPU
		{9315C5BF-985A-41E3-B994-87BFE00E1B6F}.Debug|Any CPU.ActiveCfg = Debug|Any CPU
		{9315C5BF-985A-41E3-B994-87BFE00E1B6F}.Debug|Any CPU.Build.0 = Debug|Any CPU
		{9315C5BF-985A-41E3-B994-87BFE00E1B6F}.Release|Any CPU.ActiveCfg = Release|Any CPU
		{9315C5BF-985A-41E3-B994-87BFE00E1B6F}.Release|Any CPU.Build.0 = Release|Any CPU
		{8B53AA44-C271-4FA6-A6B1-4E9FA728999B}.Debug|Any CPU.ActiveCfg = Debug|Any CPU
		{8B53AA44-C271-4FA6-A6B1-4E9FA728999B}.Debug|Any CPU.Build.0 = Debug|Any CPU
		{8B53AA44-C271-4FA6-A6B1-4E9FA728999B}.Release|Any CPU.ActiveCfg = Release|Any CPU
		{8B53AA44-C271-4FA6-A6B1-4E9FA728999B}.Release|Any CPU.Build.0 = Release|Any CPU
		{4B353DD5-D04E-40BD-8761-3E7114AB5A7B}.Debug|Any CPU.ActiveCfg = Debug|Any CPU
		{4B353DD5-D04E-40BD-8761-3E7114AB5A7B}.Debug|Any CPU.Build.0 = Debug|Any CPU
		{4B353DD5-D04E-40BD-8761-3E7114AB5A7B}.Release|Any CPU.ActiveCfg = Release|Any CPU
		{4B353DD5-D04E-40BD-8761-3E7114AB5A7B}.Release|Any CPU.Build.0 = Release|Any CPU
		{1D881094-20E4-40EA-8CEE-5FBE083E3C04}.Debug|Any CPU.ActiveCfg = Debug|Any CPU
		{1D881094-20E4-40EA-8CEE-5FBE083E3C04}.Debug|Any CPU.Build.0 = Debug|Any CPU
		{1D881094-20E4-40EA-8CEE-5FBE083E3C04}.Release|Any CPU.ActiveCfg = Release|Any CPU
		{1D881094-20E4-40EA-8CEE-5FBE083E3C04}.Release|Any CPU.Build.0 = Release|Any CPU
		{9DC61787-EC53-4DF4-AC78-175C789B3908}.Debug|Any CPU.ActiveCfg = Debug|Any CPU
		{9DC61787-EC53-4DF4-AC78-175C789B3908}.Debug|Any CPU.Build.0 = Debug|Any CPU
		{9DC61787-EC53-4DF4-AC78-175C789B3908}.Release|Any CPU.ActiveCfg = Release|Any CPU
		{9DC61787-EC53-4DF4-AC78-175C789B3908}.Release|Any CPU.Build.0 = Release|Any CPU
		{E352B924-FB6E-4910-92EA-79B1EF8AB2D9}.Debug|Any CPU.ActiveCfg = Debug|Any CPU
		{E352B924-FB6E-4910-92EA-79B1EF8AB2D9}.Debug|Any CPU.Build.0 = Debug|Any CPU
		{E352B924-FB6E-4910-92EA-79B1EF8AB2D9}.Release|Any CPU.ActiveCfg = Release|Any CPU
		{E352B924-FB6E-4910-92EA-79B1EF8AB2D9}.Release|Any CPU.Build.0 = Release|Any CPU
		{48C78B94-D0EC-4EAF-8807-902F0855025B}.Debug|Any CPU.ActiveCfg = Debug|Any CPU
		{48C78B94-D0EC-4EAF-8807-902F0855025B}.Debug|Any CPU.Build.0 = Debug|Any CPU
		{48C78B94-D0EC-4EAF-8807-902F0855025B}.Release|Any CPU.ActiveCfg = Release|Any CPU
		{48C78B94-D0EC-4EAF-8807-902F0855025B}.Release|Any CPU.Build.0 = Release|Any CPU
		{0392750E-C71A-4C25-A277-88F9A48ACAE8}.Debug|Any CPU.ActiveCfg = Debug|Any CPU
		{0392750E-C71A-4C25-A277-88F9A48ACAE8}.Debug|Any CPU.Build.0 = Debug|Any CPU
		{0392750E-C71A-4C25-A277-88F9A48ACAE8}.Release|Any CPU.ActiveCfg = Release|Any CPU
		{0392750E-C71A-4C25-A277-88F9A48ACAE8}.Release|Any CPU.Build.0 = Release|Any CPU
		{A9638EF9-2981-4240-AA18-0049E8476435}.Debug|Any CPU.ActiveCfg = Debug|Any CPU
		{A9638EF9-2981-4240-AA18-0049E8476435}.Debug|Any CPU.Build.0 = Debug|Any CPU
		{A9638EF9-2981-4240-AA18-0049E8476435}.Release|Any CPU.ActiveCfg = Release|Any CPU
		{A9638EF9-2981-4240-AA18-0049E8476435}.Release|Any CPU.Build.0 = Release|Any CPU
		{8279055C-2444-43C2-8D6A-D77F7AE5F002}.Debug|Any CPU.ActiveCfg = Debug|Any CPU
		{8279055C-2444-43C2-8D6A-D77F7AE5F002}.Debug|Any CPU.Build.0 = Debug|Any CPU
		{8279055C-2444-43C2-8D6A-D77F7AE5F002}.Release|Any CPU.ActiveCfg = Release|Any CPU
		{8279055C-2444-43C2-8D6A-D77F7AE5F002}.Release|Any CPU.Build.0 = Release|Any CPU
		{DC995DB4-5339-49F0-AC7A-86FFE6ADC3A3}.Debug|Any CPU.ActiveCfg = Debug|Any CPU
		{DC995DB4-5339-49F0-AC7A-86FFE6ADC3A3}.Debug|Any CPU.Build.0 = Debug|Any CPU
		{DC995DB4-5339-49F0-AC7A-86FFE6ADC3A3}.Release|Any CPU.ActiveCfg = Release|Any CPU
		{DC995DB4-5339-49F0-AC7A-86FFE6ADC3A3}.Release|Any CPU.Build.0 = Release|Any CPU
		{7ACFE459-0F99-41B4-BF67-F90D44F27CA0}.Debug|Any CPU.ActiveCfg = Debug|Any CPU
		{7ACFE459-0F99-41B4-BF67-F90D44F27CA0}.Debug|Any CPU.Build.0 = Debug|Any CPU
		{7ACFE459-0F99-41B4-BF67-F90D44F27CA0}.Release|Any CPU.ActiveCfg = Release|Any CPU
		{7ACFE459-0F99-41B4-BF67-F90D44F27CA0}.Release|Any CPU.Build.0 = Release|Any CPU
		{BFA6B44F-5740-4F24-B4EE-C746E0F18AF4}.Debug|Any CPU.ActiveCfg = Debug|Any CPU
		{BFA6B44F-5740-4F24-B4EE-C746E0F18AF4}.Debug|Any CPU.Build.0 = Debug|Any CPU
		{BFA6B44F-5740-4F24-B4EE-C746E0F18AF4}.Release|Any CPU.ActiveCfg = Release|Any CPU
		{BFA6B44F-5740-4F24-B4EE-C746E0F18AF4}.Release|Any CPU.Build.0 = Release|Any CPU
		{D25344FD-9096-40D4-9FDF-DA3B2FAA6D0B}.Debug|Any CPU.ActiveCfg = Debug|Any CPU
		{D25344FD-9096-40D4-9FDF-DA3B2FAA6D0B}.Debug|Any CPU.Build.0 = Debug|Any CPU
		{D25344FD-9096-40D4-9FDF-DA3B2FAA6D0B}.Release|Any CPU.ActiveCfg = Release|Any CPU
		{D25344FD-9096-40D4-9FDF-DA3B2FAA6D0B}.Release|Any CPU.Build.0 = Release|Any CPU
		{7AF34F30-2070-4563-AEB4-DA5E54402914}.Debug|Any CPU.ActiveCfg = Debug|Any CPU
		{7AF34F30-2070-4563-AEB4-DA5E54402914}.Debug|Any CPU.Build.0 = Debug|Any CPU
		{7AF34F30-2070-4563-AEB4-DA5E54402914}.Release|Any CPU.ActiveCfg = Release|Any CPU
		{7AF34F30-2070-4563-AEB4-DA5E54402914}.Release|Any CPU.Build.0 = Release|Any CPU
		{149A4316-6D58-4B91-9FF9-29CA7EB62D65}.Debug|Any CPU.ActiveCfg = Debug|Any CPU
		{149A4316-6D58-4B91-9FF9-29CA7EB62D65}.Debug|Any CPU.Build.0 = Debug|Any CPU
		{149A4316-6D58-4B91-9FF9-29CA7EB62D65}.Release|Any CPU.ActiveCfg = Release|Any CPU
		{149A4316-6D58-4B91-9FF9-29CA7EB62D65}.Release|Any CPU.Build.0 = Release|Any CPU
		{8E82B82D-DC41-48DC-8A35-AFA50A1AE3EA}.Debug|Any CPU.ActiveCfg = Debug|Any CPU
		{8E82B82D-DC41-48DC-8A35-AFA50A1AE3EA}.Debug|Any CPU.Build.0 = Debug|Any CPU
		{8E82B82D-DC41-48DC-8A35-AFA50A1AE3EA}.Release|Any CPU.ActiveCfg = Release|Any CPU
		{8E82B82D-DC41-48DC-8A35-AFA50A1AE3EA}.Release|Any CPU.Build.0 = Release|Any CPU
		{4E3C710F-5B09-427D-B412-3CA69A0E71D4}.Debug|Any CPU.ActiveCfg = Debug|Any CPU
		{4E3C710F-5B09-427D-B412-3CA69A0E71D4}.Debug|Any CPU.Build.0 = Debug|Any CPU
		{4E3C710F-5B09-427D-B412-3CA69A0E71D4}.Release|Any CPU.ActiveCfg = Release|Any CPU
		{4E3C710F-5B09-427D-B412-3CA69A0E71D4}.Release|Any CPU.Build.0 = Release|Any CPU
		{683FE4C8-8135-4E51-B938-6CC056DBA273}.Debug|Any CPU.ActiveCfg = Debug|Any CPU
		{683FE4C8-8135-4E51-B938-6CC056DBA273}.Debug|Any CPU.Build.0 = Debug|Any CPU
		{683FE4C8-8135-4E51-B938-6CC056DBA273}.Release|Any CPU.ActiveCfg = Release|Any CPU
		{683FE4C8-8135-4E51-B938-6CC056DBA273}.Release|Any CPU.Build.0 = Release|Any CPU
		{1C05BE66-2C1A-4A25-82BE-80A7FE2E4B5E}.Debug|Any CPU.ActiveCfg = Debug|Any CPU
		{1C05BE66-2C1A-4A25-82BE-80A7FE2E4B5E}.Debug|Any CPU.Build.0 = Debug|Any CPU
		{1C05BE66-2C1A-4A25-82BE-80A7FE2E4B5E}.Release|Any CPU.ActiveCfg = Release|Any CPU
		{1C05BE66-2C1A-4A25-82BE-80A7FE2E4B5E}.Release|Any CPU.Build.0 = Release|Any CPU
		{C1D8E2C7-C423-48AD-BB3F-5803F1472273}.Debug|Any CPU.ActiveCfg = Debug|Any CPU
		{C1D8E2C7-C423-48AD-BB3F-5803F1472273}.Debug|Any CPU.Build.0 = Debug|Any CPU
		{C1D8E2C7-C423-48AD-BB3F-5803F1472273}.Release|Any CPU.ActiveCfg = Release|Any CPU
		{C1D8E2C7-C423-48AD-BB3F-5803F1472273}.Release|Any CPU.Build.0 = Release|Any CPU
		{3624F0A9-0F23-4E5F-8851-060E31ABA2A7}.Debug|Any CPU.ActiveCfg = Debug|Any CPU
		{3624F0A9-0F23-4E5F-8851-060E31ABA2A7}.Debug|Any CPU.Build.0 = Debug|Any CPU
		{3624F0A9-0F23-4E5F-8851-060E31ABA2A7}.Release|Any CPU.ActiveCfg = Release|Any CPU
		{3624F0A9-0F23-4E5F-8851-060E31ABA2A7}.Release|Any CPU.Build.0 = Release|Any CPU
	EndGlobalSection
	GlobalSection(SolutionProperties) = preSolution
		HideSolutionNode = FALSE
	EndGlobalSection
	GlobalSection(ExtensibilityGlobals) = postSolution
		SolutionGuid = {D6D02EE4-8062-422F-AE87-DFCBD94CBE6B}
	EndGlobalSection
EndGlobal
